
Microsoft Visual Studio Solution File, Format Version 12.00
# Visual Studio Version 17
VisualStudioVersion = 17.8.34309.116
MinimumVisualStudioVersion = 10.0.40219.1
Project("{FAE04EC0-301F-11D3-BF4B-00C04F79EFBC}") = "Databasprojekt", "Databasprojekt.csproj", "{BD144F01-79EE-495D-B436-F0B30BF3E1FE}"
EndProject
Global
	GlobalSection(SolutionConfigurationPlatforms) = preSolution
		Debug|Any CPU = Debug|Any CPU
		Release|Any CPU = Release|Any CPU
	EndGlobalSection
	GlobalSection(ProjectConfigurationPlatforms) = postSolution
		{BD144F01-79EE-495D-B436-F0B30BF3E1FE}.Debug|Any CPU.ActiveCfg = Debug|Any CPU
		{BD144F01-79EE-495D-B436-F0B30BF3E1FE}.Debug|Any CPU.Build.0 = Debug|Any CPU
		{BD144F01-79EE-495D-B436-F0B30BF3E1FE}.Release|Any CPU.ActiveCfg = Release|Any CPU
		{BD144F01-79EE-495D-B436-F0B30BF3E1FE}.Release|Any CPU.Build.0 = Release|Any CPU
	EndGlobalSection
	GlobalSection(SolutionProperties) = preSolution
		HideSolutionNode = FALSE
	EndGlobalSection
	GlobalSection(ExtensibilityGlobals) = postSolution
		SolutionGuid = {643EAE84-A5EA-44F8-8C8F-27114A24C990}
	EndGlobalSection
EndGlobal
